
Microsoft Visual Studio Solution File, Format Version 12.00
# Visual Studio Version 17
VisualStudioVersion = 17.11.35222.181
MinimumVisualStudioVersion = 10.0.40219.1
Project("{2150E333-8FDC-42A3-9474-1A3956D46DE8}") = "Task0", "Task0", "{C758968D-C047-4DF5-A3D0-09010AED3867}"
EndProject
Project("{FAE04EC0-301F-11D3-BF4B-00C04F79EFBC}") = "Tyuiu.KrasyukME.Sprint3.Task0.V13", "Tyuiu.KrasyukME.Sprint3.Task0.V13\Tyuiu.KrasyukME.Sprint3.Task0.V13.csproj", "{9879A469-390B-4EFB-A25C-5497C536AB9C}"
EndProject
Project("{FAE04EC0-301F-11D3-BF4B-00C04F79EFBC}") = "Tyuiu.KrasyukME.Sprint3.Task0.V13.Lib", "Tyuiu.KrasyukME.Sprint3.Task0.V13.Lib\Tyuiu.KrasyukME.Sprint3.Task0.V13.Lib.csproj", "{88559ACD-D205-481E-8D72-CD143CE87EDE}"
EndProject
Project("{FAE04EC0-301F-11D3-BF4B-00C04F79EFBC}") = "Tyuiu.KrasyukME.Sprint3.Task0.V13.Test", "Tyuiu.KrasyukME.Sprint3.Task0.V13.Test\Tyuiu.KrasyukME.Sprint3.Task0.V13.Test.csproj", "{E33C65ED-953D-479E-925A-EB4F78DC4A91}"
EndProject
Global
	GlobalSection(SolutionConfigurationPlatforms) = preSolution
		Debug|Any CPU = Debug|Any CPU
		Release|Any CPU = Release|Any CPU
	EndGlobalSection
	GlobalSection(ProjectConfigurationPlatforms) = postSolution
		{9879A469-390B-4EFB-A25C-5497C536AB9C}.Debug|Any CPU.ActiveCfg = Debug|Any CPU
		{9879A469-390B-4EFB-A25C-5497C536AB9C}.Debug|Any CPU.Build.0 = Debug|Any CPU
		{9879A469-390B-4EFB-A25C-5497C536AB9C}.Release|Any CPU.ActiveCfg = Release|Any CPU
		{9879A469-390B-4EFB-A25C-5497C536AB9C}.Release|Any CPU.Build.0 = Release|Any CPU
		{88559ACD-D205-481E-8D72-CD143CE87EDE}.Debug|Any CPU.ActiveCfg = Debug|Any CPU
		{88559ACD-D205-481E-8D72-CD143CE87EDE}.Debug|Any CPU.Build.0 = Debug|Any CPU
		{88559ACD-D205-481E-8D72-CD143CE87EDE}.Release|Any CPU.ActiveCfg = Release|Any CPU
		{88559ACD-D205-481E-8D72-CD143CE87EDE}.Release|Any CPU.Build.0 = Release|Any CPU
		{E33C65ED-953D-479E-925A-EB4F78DC4A91}.Debug|Any CPU.ActiveCfg = Debug|Any CPU
		{E33C65ED-953D-479E-925A-EB4F78DC4A91}.Debug|Any CPU.Build.0 = Debug|Any CPU
		{E33C65ED-953D-479E-925A-EB4F78DC4A91}.Release|Any CPU.ActiveCfg = Release|Any CPU
		{E33C65ED-953D-479E-925A-EB4F78DC4A91}.Release|Any CPU.Build.0 = Release|Any CPU
	EndGlobalSection
	GlobalSection(SolutionProperties) = preSolution
		HideSolutionNode = FALSE
	EndGlobalSection
	GlobalSection(NestedProjects) = preSolution
		{9879A469-390B-4EFB-A25C-5497C536AB9C} = {C758968D-C047-4DF5-A3D0-09010AED3867}
		{88559ACD-D205-481E-8D72-CD143CE87EDE} = {C758968D-C047-4DF5-A3D0-09010AED3867}
		{E33C65ED-953D-479E-925A-EB4F78DC4A91} = {C758968D-C047-4DF5-A3D0-09010AED3867}
	EndGlobalSection
	GlobalSection(ExtensibilityGlobals) = postSolution
		SolutionGuid = {1FAC2478-4930-48AB-856B-D7C8F283F01B}
	EndGlobalSection
EndGlobal
