
Microsoft Visual Studio Solution File, Format Version 12.00
# Visual Studio Version 17
VisualStudioVersion = 17.11.35222.181
MinimumVisualStudioVersion = 10.0.40219.1
Project("{2150E333-8FDC-42A3-9474-1A3956D46DE8}") = "Task0", "Task0", "{C758968D-C047-4DF5-A3D0-09010AED3867}"
EndProject
Project("{FAE04EC0-301F-11D3-BF4B-00C04F79EFBC}") = "Tyuiu.KrasyukME.Sprint3.Task0.V13", "Tyuiu.KrasyukME.Sprint3.Task0.V13\Tyuiu.KrasyukME.Sprint3.Task0.V13.csproj", "{9879A469-390B-4EFB-A25C-5497C536AB9C}"
EndProject
Project("{FAE04EC0-301F-11D3-BF4B-00C04F79EFBC}") = "Tyuiu.KrasyukME.Sprint3.Task0.V13.Lib", "Tyuiu.KrasyukME.Sprint3.Task0.V13.Lib\Tyuiu.KrasyukME.Sprint3.Task0.V13.Lib.csproj", "{88559ACD-D205-481E-8D72-CD143CE87EDE}"
EndProject
Project("{FAE04EC0-301F-11D3-BF4B-00C04F79EFBC}") = "Tyuiu.KrasyukME.Sprint3.Task0.V13.Test", "Tyuiu.KrasyukME.Sprint3.Task0.V13.Test\Tyuiu.KrasyukME.Sprint3.Task0.V13.Test.csproj", "{E33C65ED-953D-479E-925A-EB4F78DC4A91}"
EndProject
Project("{2150E333-8FDC-42A3-9474-1A3956D46DE8}") = "Task1", "Task1", "{24D1E178-251E-4093-86FF-DFAC2990756E}"
EndProject
Project("{FAE04EC0-301F-11D3-BF4B-00C04F79EFBC}") = "Tyuiu.KrasyukME.Sprint3.Task1.V19", "Tyuiu.KrasyukME.Sprint3.Task1.V19\Tyuiu.KrasyukME.Sprint3.Task1.V19.csproj", "{99FF578B-B6E7-41D9-97F8-7AA08D79FFE2}"
EndProject
Project("{FAE04EC0-301F-11D3-BF4B-00C04F79EFBC}") = "Tyuiu.KrasyukME.Sprint3.Task1.V19.Lib", "Tyuiu.KrasyukME.Sprint3.Task1.V19.Lib\Tyuiu.KrasyukME.Sprint3.Task1.V19.Lib.csproj", "{6EE31634-7EC9-4CB7-A364-DDEE0BFAE2E6}"
EndProject
Project("{FAE04EC0-301F-11D3-BF4B-00C04F79EFBC}") = "Tyuiu.KrasyukME.Sprint3.Task1.V19.Test", "Tyuiu.KrasyukME.Sprint3.Task1.V19.Test\Tyuiu.KrasyukME.Sprint3.Task1.V19.Test.csproj", "{CF454EB0-FDBF-4107-8BA4-164C2E807EBA}"
EndProject
Project("{2150E333-8FDC-42A3-9474-1A3956D46DE8}") = "Task2", "Task2", "{EE4FB972-135C-4CA7-8959-B6DAA7FA51DD}"
EndProject
Project("{FAE04EC0-301F-11D3-BF4B-00C04F79EFBC}") = "Tyuiu.KrasyukME.Sprint3.Task2.V23", "Tyuiu.KrasyukME.Sprint3.Task2.V23\Tyuiu.KrasyukME.Sprint3.Task2.V23.csproj", "{C9FEAB36-9683-4F6D-81F3-C4323E90EF50}"
EndProject
Project("{FAE04EC0-301F-11D3-BF4B-00C04F79EFBC}") = "Tyuiu.KrasyukME.Sprint3.Task2.V23.Lib", "Tyuiu.KrasyukME.Sprint3.Task2.V23.Lib\Tyuiu.KrasyukME.Sprint3.Task2.V23.Lib.csproj", "{8C92286D-8B8A-4F81-9FD9-E155AC58A405}"
EndProject
Project("{FAE04EC0-301F-11D3-BF4B-00C04F79EFBC}") = "Tyuiu.KrasyukME.Sprint3.Task2.V23.Test", "Tyuiu.KrasyukME.Sprint3.Task2.V23.Test\Tyuiu.KrasyukME.Sprint3.Task2.V23.Test.csproj", "{0AE1225E-88DE-4D9D-9D2F-9C0A685AFFA0}"
EndProject
Project("{2150E333-8FDC-42A3-9474-1A3956D46DE8}") = "Task3", "Task3", "{0B12EBDE-A7F0-4CBB-A213-9D90BFD7C31E}"
EndProject
Project("{FAE04EC0-301F-11D3-BF4B-00C04F79EFBC}") = "Tyuiu.KrasyukME.Sprint3.Task3.V5", "Tyuiu.KrasyukME.Sprint3.Task3.V5\Tyuiu.KrasyukME.Sprint3.Task3.V5.csproj", "{82596B7F-9651-4CD7-9BCF-FACCD53C17EA}"
EndProject
Project("{FAE04EC0-301F-11D3-BF4B-00C04F79EFBC}") = "Tyuiu.KrasyukME.Sprint3.Task3.V5.Lib", "Tyuiu.KrasyukME.Sprint3.Task3.V5.Lib\Tyuiu.KrasyukME.Sprint3.Task3.V5.Lib.csproj", "{AF89E076-A045-4F96-92C1-68594EAF6F76}"
EndProject
Project("{FAE04EC0-301F-11D3-BF4B-00C04F79EFBC}") = "Tyuiu.KrasyukME.Sprint3.Task3.V5.Test", "Tyuiu.KrasyukME.Sprint3.Task3.V5.Test\Tyuiu.KrasyukME.Sprint3.Task3.V5.Test.csproj", "{85941BA0-75E0-4EFA-B064-555CA6F83466}"
EndProject
Global
	GlobalSection(SolutionConfigurationPlatforms) = preSolution
		Debug|Any CPU = Debug|Any CPU
		Release|Any CPU = Release|Any CPU
	EndGlobalSection
	GlobalSection(ProjectConfigurationPlatforms) = postSolution
		{9879A469-390B-4EFB-A25C-5497C536AB9C}.Debug|Any CPU.ActiveCfg = Debug|Any CPU
		{9879A469-390B-4EFB-A25C-5497C536AB9C}.Debug|Any CPU.Build.0 = Debug|Any CPU
		{9879A469-390B-4EFB-A25C-5497C536AB9C}.Release|Any CPU.ActiveCfg = Release|Any CPU
		{9879A469-390B-4EFB-A25C-5497C536AB9C}.Release|Any CPU.Build.0 = Release|Any CPU
		{88559ACD-D205-481E-8D72-CD143CE87EDE}.Debug|Any CPU.ActiveCfg = Debug|Any CPU
		{88559ACD-D205-481E-8D72-CD143CE87EDE}.Debug|Any CPU.Build.0 = Debug|Any CPU
		{88559ACD-D205-481E-8D72-CD143CE87EDE}.Release|Any CPU.ActiveCfg = Release|Any CPU
		{88559ACD-D205-481E-8D72-CD143CE87EDE}.Release|Any CPU.Build.0 = Release|Any CPU
		{E33C65ED-953D-479E-925A-EB4F78DC4A91}.Debug|Any CPU.ActiveCfg = Debug|Any CPU
		{E33C65ED-953D-479E-925A-EB4F78DC4A91}.Debug|Any CPU.Build.0 = Debug|Any CPU
		{E33C65ED-953D-479E-925A-EB4F78DC4A91}.Release|Any CPU.ActiveCfg = Release|Any CPU
		{E33C65ED-953D-479E-925A-EB4F78DC4A91}.Release|Any CPU.Build.0 = Release|Any CPU
		{99FF578B-B6E7-41D9-97F8-7AA08D79FFE2}.Debug|Any CPU.ActiveCfg = Debug|Any CPU
		{99FF578B-B6E7-41D9-97F8-7AA08D79FFE2}.Debug|Any CPU.Build.0 = Debug|Any CPU
		{99FF578B-B6E7-41D9-97F8-7AA08D79FFE2}.Release|Any CPU.ActiveCfg = Release|Any CPU
		{99FF578B-B6E7-41D9-97F8-7AA08D79FFE2}.Release|Any CPU.Build.0 = Release|Any CPU
		{6EE31634-7EC9-4CB7-A364-DDEE0BFAE2E6}.Debug|Any CPU.ActiveCfg = Debug|Any CPU
		{6EE31634-7EC9-4CB7-A364-DDEE0BFAE2E6}.Debug|Any CPU.Build.0 = Debug|Any CPU
		{6EE31634-7EC9-4CB7-A364-DDEE0BFAE2E6}.Release|Any CPU.ActiveCfg = Release|Any CPU
		{6EE31634-7EC9-4CB7-A364-DDEE0BFAE2E6}.Release|Any CPU.Build.0 = Release|Any CPU
		{CF454EB0-FDBF-4107-8BA4-164C2E807EBA}.Debug|Any CPU.ActiveCfg = Debug|Any CPU
		{CF454EB0-FDBF-4107-8BA4-164C2E807EBA}.Debug|Any CPU.Build.0 = Debug|Any CPU
		{CF454EB0-FDBF-4107-8BA4-164C2E807EBA}.Release|Any CPU.ActiveCfg = Release|Any CPU
		{CF454EB0-FDBF-4107-8BA4-164C2E807EBA}.Release|Any CPU.Build.0 = Release|Any CPU
		{C9FEAB36-9683-4F6D-81F3-C4323E90EF50}.Debug|Any CPU.ActiveCfg = Debug|Any CPU
		{C9FEAB36-9683-4F6D-81F3-C4323E90EF50}.Debug|Any CPU.Build.0 = Debug|Any CPU
		{C9FEAB36-9683-4F6D-81F3-C4323E90EF50}.Release|Any CPU.ActiveCfg = Release|Any CPU
		{C9FEAB36-9683-4F6D-81F3-C4323E90EF50}.Release|Any CPU.Build.0 = Release|Any CPU
		{8C92286D-8B8A-4F81-9FD9-E155AC58A405}.Debug|Any CPU.ActiveCfg = Debug|Any CPU
		{8C92286D-8B8A-4F81-9FD9-E155AC58A405}.Debug|Any CPU.Build.0 = Debug|Any CPU
		{8C92286D-8B8A-4F81-9FD9-E155AC58A405}.Release|Any CPU.ActiveCfg = Release|Any CPU
		{8C92286D-8B8A-4F81-9FD9-E155AC58A405}.Release|Any CPU.Build.0 = Release|Any CPU
		{0AE1225E-88DE-4D9D-9D2F-9C0A685AFFA0}.Debug|Any CPU.ActiveCfg = Debug|Any CPU
		{0AE1225E-88DE-4D9D-9D2F-9C0A685AFFA0}.Debug|Any CPU.Build.0 = Debug|Any CPU
		{0AE1225E-88DE-4D9D-9D2F-9C0A685AFFA0}.Release|Any CPU.ActiveCfg = Release|Any CPU
		{0AE1225E-88DE-4D9D-9D2F-9C0A685AFFA0}.Release|Any CPU.Build.0 = Release|Any CPU
		{82596B7F-9651-4CD7-9BCF-FACCD53C17EA}.Debug|Any CPU.ActiveCfg = Debug|Any CPU
		{82596B7F-9651-4CD7-9BCF-FACCD53C17EA}.Debug|Any CPU.Build.0 = Debug|Any CPU
		{82596B7F-9651-4CD7-9BCF-FACCD53C17EA}.Release|Any CPU.ActiveCfg = Release|Any CPU
		{82596B7F-9651-4CD7-9BCF-FACCD53C17EA}.Release|Any CPU.Build.0 = Release|Any CPU
		{AF89E076-A045-4F96-92C1-68594EAF6F76}.Debug|Any CPU.ActiveCfg = Debug|Any CPU
		{AF89E076-A045-4F96-92C1-68594EAF6F76}.Debug|Any CPU.Build.0 = Debug|Any CPU
		{AF89E076-A045-4F96-92C1-68594EAF6F76}.Release|Any CPU.ActiveCfg = Release|Any CPU
		{AF89E076-A045-4F96-92C1-68594EAF6F76}.Release|Any CPU.Build.0 = Release|Any CPU
		{85941BA0-75E0-4EFA-B064-555CA6F83466}.Debug|Any CPU.ActiveCfg = Debug|Any CPU
		{85941BA0-75E0-4EFA-B064-555CA6F83466}.Debug|Any CPU.Build.0 = Debug|Any CPU
		{85941BA0-75E0-4EFA-B064-555CA6F83466}.Release|Any CPU.ActiveCfg = Release|Any CPU
		{85941BA0-75E0-4EFA-B064-555CA6F83466}.Release|Any CPU.Build.0 = Release|Any CPU
	EndGlobalSection
	GlobalSection(SolutionProperties) = preSolution
		HideSolutionNode = FALSE
	EndGlobalSection
	GlobalSection(NestedProjects) = preSolution
		{9879A469-390B-4EFB-A25C-5497C536AB9C} = {C758968D-C047-4DF5-A3D0-09010AED3867}
		{88559ACD-D205-481E-8D72-CD143CE87EDE} = {C758968D-C047-4DF5-A3D0-09010AED3867}
		{E33C65ED-953D-479E-925A-EB4F78DC4A91} = {C758968D-C047-4DF5-A3D0-09010AED3867}
		{99FF578B-B6E7-41D9-97F8-7AA08D79FFE2} = {24D1E178-251E-4093-86FF-DFAC2990756E}
		{6EE31634-7EC9-4CB7-A364-DDEE0BFAE2E6} = {24D1E178-251E-4093-86FF-DFAC2990756E}
		{CF454EB0-FDBF-4107-8BA4-164C2E807EBA} = {24D1E178-251E-4093-86FF-DFAC2990756E}
		{C9FEAB36-9683-4F6D-81F3-C4323E90EF50} = {EE4FB972-135C-4CA7-8959-B6DAA7FA51DD}
		{8C92286D-8B8A-4F81-9FD9-E155AC58A405} = {EE4FB972-135C-4CA7-8959-B6DAA7FA51DD}
		{0AE1225E-88DE-4D9D-9D2F-9C0A685AFFA0} = {EE4FB972-135C-4CA7-8959-B6DAA7FA51DD}
		{82596B7F-9651-4CD7-9BCF-FACCD53C17EA} = {0B12EBDE-A7F0-4CBB-A213-9D90BFD7C31E}
		{AF89E076-A045-4F96-92C1-68594EAF6F76} = {0B12EBDE-A7F0-4CBB-A213-9D90BFD7C31E}
		{85941BA0-75E0-4EFA-B064-555CA6F83466} = {0B12EBDE-A7F0-4CBB-A213-9D90BFD7C31E}
	EndGlobalSection
	GlobalSection(ExtensibilityGlobals) = postSolution
		SolutionGuid = {1FAC2478-4930-48AB-856B-D7C8F283F01B}
	EndGlobalSection
EndGlobal
